lockfileVersion: '9.0'

settings:
  autoInstallPeers: true
  excludeLinksFromLockfile: false

importers:

  .:
    devDependencies:
      dprint:
        specifier: 0.61.1
        version: 0.61.1

packages:

  '@dprint/android-arm64@0.61.1':
    resolution: {integrity: sha512-4ZT+OrIIdCW2/s/UUa75jUFghQnfdCHh6WpodUmAXH9BOELozbMPH3EKlGShPEqTXFomwHvHX095eZXLBd6QkA==}
    cpu: [arm64]
    os: [android]

  '@dprint/android-x64@0.61.1':
    resolution: {integrity: sha512-dJeOiPBfyUHfiuD88bpE3k3PCexzJ+5lQRE+UMWMSRIzFYKAGH2pLyczyztgC7jrZr9erGxiLQxevOGBf4M3wA==}
    cpu: [x64]
    os: [android]

  '@dprint/darwin-arm64@0.61.1':
    resolution: {integrity: sha512-5fBH/VBErS/oMCJHSs4YFLEV6XSMvbya8BO4OCVQih+/xljwPHE44xfHfS6IY/0kYNkkuFwfWSXnYwIczYinsQ==}
    cpu: [arm64]
    os: [darwin]

  '@dprint/darwin-x64@0.61.1':
    resolution: {integrity: sha512-aWQvNBvidKX8o1d5lBtbRumy69mCzeAlV9qNQrjFeKIoA++9G8Brt30LC/IcZoQn0zwl4ce3rIONMpvp2VUXEw==}
    cpu: [x64]
    os: [darwin]

  '@dprint/linux-arm64-glibc@0.61.1':
    resolution: {integrity: sha512-jH1K/ZGguz0lT/WKCnX5CkpKZrZCLh+c/7+D4tNgxdPdbw7INchpXZ6yIvhB5HGKjFDgLlDkJNVim2zlMqFfRw==}
    cpu: [arm64]
    os: [linux]
    libc: [glibc]

  '@dprint/linux-arm64-musl@0.61.1':
    resolution: {integrity: sha512-ca4IsyzIBXUWl2xj3wH1PzLIamxQvC1qWe3XWJ5okCGQwWeP2LqLzwUUK4i5+nTcLz5kAzl1Xb/IoD/KRfdFbw==}
    cpu: [arm64]
    os: [linux]
    libc: [musl]

  '@dprint/linux-loong64-glibc@0.61.1':
    resolution: {integrity: sha512-yfZxm/NXIC5R2Jnk8CKLX8vF/cigTh+p+L279eaZyN/dLqUF/FKCGqN4z2VdcscVFpFTI8lK9BBcm0PXWr/xAA==}
    cpu: [loong64]
    os: [linux]
    libc: [glibc]

  '@dprint/linux-loong64-musl@0.61.1':
    resolution: {integrity: sha512-G/s2KRVs/YRallWz2i3UmF/6TXEM/BgeQoS5E9reiwwGkqMVBLyICEMOn2cyspYXbYxByct/mIX2jv2Lb3Fc8w==}
    cpu: [loong64]
    os: [linux]
    libc: [musl]

  '@dprint/linux-ppc64-glibc@0.61.1':
    resolution: {integrity: sha512-Wkfk55VRwxhiTzcPzJnOx0S9aoS860qxLq0/M+5KFhpMja7C7BlEPtZgheCypiEjolewOxNO6Rt9F4cc85K0tw==}
    cpu: [ppc64]
    os: [linux]
    libc: [glibc]

  '@dprint/linux-ppc64-musl@0.61.1':
    resolution: {integrity: sha512-8DE52I77rKiYTTMyt78BoRcPrN2C3mSx6JAPYb0Fe63K6vrpFhuQkf824uEAHAtZ2o4+pcfTdA11rCr6+dcL9w==}
    cpu: [ppc64]
    os: [linux]
    libc: [musl]

  '@dprint/linux-riscv64-glibc@0.61.1':
    resolution: {integrity: sha512-MI1T85d2FXDjFSvcQqetoEP3tiwTFvwbLLt1a/wU+ooly3h03grPWJoM0aUv43eTbSkd0uvFAygo/hPrum5UUw==}
    cpu: [riscv64]
    os: [linux]
    libc: [glibc]

  '@dprint/linux-x64-glibc@0.61.1':
    resolution: {integrity: sha512-YobVmInRC3b+PpNdsBuVVwhWVpHnbmDQrjbZc3ZacaUtefpy83W8kz0Dk9K5LMA4BwX23QE0Et4WyResQRR5xg==}
    cpu: [x64]
    os: [linux]
    libc: [glibc]

  '@dprint/linux-x64-musl@0.61.1':
    resolution: {integrity: sha512-gznuy0kwu1UnKw7CgL46mzASQkgNg2PAuSEZ4OTChRusGss2UJa78IuP9+54xpZAvFcyE2CHTGh+2UAWuiMscQ==}
    cpu: [x64]
    os: [linux]
    libc: [musl]

  '@dprint/win32-arm64@0.61.1':
    resolution: {integrity: sha512-jDqD5bB6ELBNBYtYPmZWKKZwGLGbNoF3akfZRFhqp93GHpggsClfLW9HOxcYyXNfajayZS1p9Efv0pGtEKravA==}
    cpu: [arm64]
    os: [win32]

  '@dprint/win32-x64@0.61.1':
    resolution: {integrity: sha512-5b0PxKMz3cssRJPzrNoqn8h0WcXCc4cTwgrzCIVQbbpXvspT2fUrceRgyLBnPuTnPOOKbBM04Sg9ObZL/cDnrg==}
    cpu: [x64]
    os: [win32]

  dprint@0.61.1:
    resolution: {integrity: sha512-x0LRjQ9UHVntkZKBs4MgxBIqRWFtQLSr2TsYF3Ol667vpT01sYWYHOZ5cQ14IYMWHdZIB7yxpnQNvQbO8/HqNw==}
    hasBin: true

snapshots:

  '@dprint/android-arm64@0.61.1':
    optional: true

  '@dprint/android-x64@0.61.1':
    optional: true

  '@dprint/darwin-arm64@0.61.1':
    optional: true

  '@dprint/darwin-x64@0.61.1':
    optional: true

  '@dprint/linux-arm64-glibc@0.61.1':
    optional: true

  '@dprint/linux-arm64-musl@0.61.1':
    optional: true

  '@dprint/linux-loong64-glibc@0.61.1':
    optional: true

  '@dprint/linux-loong64-musl@0.61.1':
    optional: true

  '@dprint/linux-ppc64-glibc@0.61.1':
    optional: true

  '@dprint/linux-ppc64-musl@0.61.1':
    optional: true

  '@dprint/linux-riscv64-glibc@0.61.1':
    optional: true

  '@dprint/linux-x64-glibc@0.61.1':
    optional: true

  '@dprint/linux-x64-musl@0.61.1':
    optional: true

  '@dprint/win32-arm64@0.61.1':
    optional: true

  '@dprint/win32-x64@0.61.1':
    optional: true

  dprint@0.61.1:
    optionalDependencies:
      '@dprint/android-arm64': 0.61.1
      '@dprint/android-x64': 0.61.1
      '@dprint/darwin-arm64': 0.61.1
      '@dprint/darwin-x64': 0.61.1
      '@dprint/linux-arm64-glibc': 0.61.1
      '@dprint/linux-arm64-musl': 0.61.1
      '@dprint/linux-loong64-glibc': 0.61.1
      '@dprint/linux-loong64-musl': 0.61.1
      '@dprint/linux-ppc64-glibc': 0.61.1
      '@dprint/linux-ppc64-musl': 0.61.1
      '@dprint/linux-riscv64-glibc': 0.61.1
      '@dprint/linux-x64-glibc': 0.61.1
      '@dprint/linux-x64-musl': 0.61.1
      '@dprint/win32-arm64': 0.61.1
      '@dprint/win32-x64': 0.61.1
